// !$*UTF8*$!
{
	archiveVersion = 1;
	classes = {
	};
	objectVersion = 51;
	objects = {

/* Begin PBXBuildFile section */
		7C1A418B23CB3817008B2865 /* AppDelegate.swift in Sources */ = {isa = PBXBuildFile; fileRef = 7C1A418A23CB3817008B2865 /* AppDelegate.swift */; };
		7C1A418D23CB3817008B2865 /* SceneDelegate.swift in Sources */ = {isa = PBXBuildFile; fileRef = 7C1A418C23CB3817008B2865 /* SceneDelegate.swift */; };
		7C1A419223CB3817008B2865 /* Main.storyboard in Resources */ = {isa = PBXBuildFile; fileRef = 7C1A419023CB3817008B2865 /* Main.storyboard */; };
		7C1A419423CB3818008B2865 /* Assets.xcassets in Resources */ = {isa = PBXBuildFile; fileRef = 7C1A419323CB3818008B2865 /* Assets.xcassets */; };
		7C1A419723CB3818008B2865 /* LaunchScreen.storyboard in Resources */ = {isa = PBXBuildFile; fileRef = 7C1A419523CB3818008B2865 /* LaunchScreen.storyboard */; };
		7C1A419F23CD7BBE008B2865 /* MapViewController.swift in Sources */ = {isa = PBXBuildFile; fileRef = 7C1A419E23CD7BBE008B2865 /* MapViewController.swift */; };
		7C7220EF23CECF98000DDF1E /* DineDetailsViewController.swift in Sources */ = {isa = PBXBuildFile; fileRef = 7C7220EE23CECF98000DDF1E /* DineDetailsViewController.swift */; };
		7C7220F423CEDD2A000DDF1E /* Diner.swift in Sources */ = {isa = PBXBuildFile; fileRef = 7C7220F323CEDD2A000DDF1E /* Diner.swift */; };
		7C7220F623CEE91D000DDF1E /* DinerTableViewCell.swift in Sources */ = {isa = PBXBuildFile; fileRef = 7C7220F523CEE91D000DDF1E /* DinerTableViewCell.swift */; };
		7C9D30D323DDA52B00AD2018 /* RSVPViewController.swift in Sources */ = {isa = PBXBuildFile; fileRef = 7C9D30D223DDA52B00AD2018 /* RSVPViewController.swift */; };
		7CD155E423DCB076002775A9 /* HomeViewController.swift in Sources */ = {isa = PBXBuildFile; fileRef = 7CD155E323DCB076002775A9 /* HomeViewController.swift */; };
		7CD155E623DCB09D002775A9 /* BottomSheetViewController.swift in Sources */ = {isa = PBXBuildFile; fileRef = 7CD155E523DCB09D002775A9 /* BottomSheetViewController.swift */; };
		7CD155E923DCB597002775A9 /* OneCollectionViewCell.swift in Sources */ = {isa = PBXBuildFile; fileRef = 7CD155E823DCB597002775A9 /* OneCollectionViewCell.swift */; };
		7CD155EC23DD8B07002775A9 /* LoginViewController.swift in Sources */ = {isa = PBXBuildFile; fileRef = 7CD155EB23DD8B07002775A9 /* LoginViewController.swift */; };
		7CE08F8823DDE10000782338 /* FoodSpot.swift in Sources */ = {isa = PBXBuildFile; fileRef = 7CE08F8723DDE10000782338 /* FoodSpot.swift */; };
		F72FD44D05FBC1193B97543D /* Pods_updine_user.framework in Frameworks */ = {isa = PBXBuildFile; fileRef = 6148F991BB3F5C1D8BF285B9 /* Pods_updine_user.framework */; };
/* End PBXBuildFile section */

/* Begin PBXFileReference section */
		02021A693BBDFB1A801228AB /* Pods-updine-user.release.xcconfig */ = {isa = PBXFileReference; includeInIndex = 1; lastKnownFileType = text.xcconfig; name = "Pods-updine-user.release.xcconfig"; path = "Target Support Files/Pods-updine-user/Pods-updine-user.release.xcconfig"; sourceTree = "<group>"; };
		6148F991BB3F5C1D8BF285B9 /* Pods_updine_user.framework */ = {isa = PBXFileReference; explicitFileType = wrapper.framework; includeInIndex = 0; path = Pods_updine_user.framework; sourceTree = BUILT_PRODUCTS_DIR; };
		7C1A418723CB3817008B2865 /* updine-user.app */ = {isa = PBXFileReference; explicitFileType = wrapper.application; includeInIndex = 0; path = "updine-user.app"; sourceTree = BUILT_PRODUCTS_DIR; };
		7C1A418A23CB3817008B2865 /* AppDelegate.swift */ = {isa = PBXFileReference; lastKnownFileType = sourcecode.swift; path = AppDelegate.swift; sourceTree = "<group>"; };
		7C1A418C23CB3817008B2865 /* SceneDelegate.swift */ = {isa = PBXFileReference; lastKnownFileType = sourcecode.swift; path = SceneDelegate.swift; sourceTree = "<group>"; };
		7C1A419123CB3817008B2865 /* Base */ = {isa = PBXFileReference; lastKnownFileType = file.storyboard; name = Base; path = Base.lproj/Main.storyboard; sourceTree = "<group>"; };
		7C1A419323CB3818008B2865 /* Assets.xcassets */ = {isa = PBXFileReference; lastKnownFileType = folder.assetcatalog; path = Assets.xcassets; sourceTree = "<group>"; };
		7C1A419623CB3818008B2865 /* Base */ = {isa = PBXFileReference; lastKnownFileType = file.storyboard; name = Base; path = Base.lproj/LaunchScreen.storyboard; sourceTree = "<group>"; };
		7C1A419823CB3818008B2865 /* Info.plist */ = {isa = PBXFileReference; lastKnownFileType = text.plist.xml; path = Info.plist; sourceTree = "<group>"; };
		7C1A419E23CD7BBE008B2865 /* MapViewController.swift */ = {isa = PBXFileReference; lastKnownFileType = sourcecode.swift; path = MapViewController.swift; sourceTree = "<group>"; };
		7C7220EE23CECF98000DDF1E /* DineDetailsViewController.swift */ = {isa = PBXFileReference; lastKnownFileType = sourcecode.swift; path = DineDetailsViewController.swift; sourceTree = "<group>"; };
		7C7220F323CEDD2A000DDF1E /* Diner.swift */ = {isa = PBXFileReference; lastKnownFileType = sourcecode.swift; path = Diner.swift; sourceTree = "<group>"; };
		7C7220F523CEE91D000DDF1E /* DinerTableViewCell.swift */ = {isa = PBXFileReference; lastKnownFileType = sourcecode.swift; path = DinerTableViewCell.swift; sourceTree = "<group>"; };
		7C9D30D223DDA52B00AD2018 /* RSVPViewController.swift */ = {isa = PBXFileReference; lastKnownFileType = sourcecode.swift; path = RSVPViewController.swift; sourceTree = "<group>"; };
		7CD155E323DCB076002775A9 /* HomeViewController.swift */ = {isa = PBXFileReference; lastKnownFileType = sourcecode.swift; path = HomeViewController.swift; sourceTree = "<group>"; };
		7CD155E523DCB09D002775A9 /* BottomSheetViewController.swift */ = {isa = PBXFileReference; lastKnownFileType = sourcecode.swift; path = BottomSheetViewController.swift; sourceTree = "<group>"; };
		7CD155E823DCB597002775A9 /* OneCollectionViewCell.swift */ = {isa = PBXFileReference; lastKnownFileType = sourcecode.swift; path = OneCollectionViewCell.swift; sourceTree = "<group>"; };
		7CD155EB23DD8B07002775A9 /* LoginViewController.swift */ = {isa = PBXFileReference; lastKnownFileType = sourcecode.swift; path = LoginViewController.swift; sourceTree = "<group>"; };
		7CE08F8723DDE10000782338 /* FoodSpot.swift */ = {isa = PBXFileReference; lastKnownFileType = sourcecode.swift; path = FoodSpot.swift; sourceTree = "<group>"; };
		8F8247B17294AA4B2DDD1297 /* Pods-updine-user.debug.xcconfig */ = {isa = PBXFileReference; includeInIndex = 1; lastKnownFileType = text.xcconfig; name = "Pods-updine-user.debug.xcconfig"; path = "Target Support Files/Pods-updine-user/Pods-updine-user.debug.xcconfig"; sourceTree = "<group>"; };
/* End PBXFileReference section */

/* Begin PBXFrameworksBuildPhase section */
		7C1A418423CB3817008B2865 /* Frameworks */ = {
			isa = PBXFrameworksBuildPhase;
			buildActionMask = 2147483647;
			files = (
				F72FD44D05FBC1193B97543D /* Pods_updine_user.framework in Frameworks */,
			);
			runOnlyForDeploymentPostprocessing = 0;
		};
/* End PBXFrameworksBuildPhase section */

/* Begin PBXGroup section */
		7C1A417E23CB3817008B2865 = {
			isa = PBXGroup;
			children = (
				7C1A418923CB3817008B2865 /* updine-user */,
				7C1A418823CB3817008B2865 /* Products */,
				8F7A9B7BED788200217D2994 /* Pods */,
				BD18FF96F3465A97F48A79FF /* Frameworks */,
			);
			sourceTree = "<group>";
		};
		7C1A418823CB3817008B2865 /* Products */ = {
			isa = PBXGroup;
			children = (
				7C1A418723CB3817008B2865 /* updine-user.app */,
			);
			name = Products;
			sourceTree = "<group>";
		};
		7C1A418923CB3817008B2865 /* updine-user */ = {
			isa = PBXGroup;
			children = (
				7C9D30D423DDA84C00AD2018 /* OtherTabs */,
				7C7220F823CEEB38000DDF1E /* DinersFlow */,
				7CD155EA23DD8ABB002775A9 /* Kickoff_VC */,
				7CD155E723DCB545002775A9 /* SwipeUpVC */,
				7C7220F723CEEABA000DDF1E /* MapsTabBar */,
				7C1A418A23CB3817008B2865 /* AppDelegate.swift */,
				7C1A418C23CB3817008B2865 /* SceneDelegate.swift */,
				7C1A419023CB3817008B2865 /* Main.storyboard */,
				7C1A419323CB3818008B2865 /* Assets.xcassets */,
				7C1A419523CB3818008B2865 /* LaunchScreen.storyboard */,
				7C1A419823CB3818008B2865 /* Info.plist */,
			);
			path = "updine-user";
			sourceTree = "<group>";
		};
		7C7220F723CEEABA000DDF1E /* MapsTabBar */ = {
			isa = PBXGroup;
			children = (
				7C1A419E23CD7BBE008B2865 /* MapViewController.swift */,
				7CD155E323DCB076002775A9 /* HomeViewController.swift */,
			);
			path = MapsTabBar;
			sourceTree = "<group>";
		};
		7C7220F823CEEB38000DDF1E /* DinersFlow */ = {
			isa = PBXGroup;
			children = (
				7C7220EE23CECF98000DDF1E /* DineDetailsViewController.swift */,
				7C7220F523CEE91D000DDF1E /* DinerTableViewCell.swift */,
				7C9D30D223DDA52B00AD2018 /* RSVPViewController.swift */,
			);
			path = DinersFlow;
			sourceTree = "<group>";
		};
		7C9D30D423DDA84C00AD2018 /* OtherTabs */ = {
			isa = PBXGroup;
			children = (
			);
			path = OtherTabs;
			sourceTree = "<group>";
		};
		7CD155E723DCB545002775A9 /* SwipeUpVC */ = {
			isa = PBXGroup;
			children = (
				7CD155E523DCB09D002775A9 /* BottomSheetViewController.swift */,
				7C7220F323CEDD2A000DDF1E /* Diner.swift */,
				7CE08F8723DDE10000782338 /* FoodSpot.swift */,
				7CD155E823DCB597002775A9 /* OneCollectionViewCell.swift */,
			);
			path = SwipeUpVC;
			sourceTree = "<group>";
		};
		7CD155EA23DD8ABB002775A9 /* Kickoff_VC */ = {
			isa = PBXGroup;
			children = (
				7CD155EB23DD8B07002775A9 /* LoginViewController.swift */,
			);
			path = Kickoff_VC;
			sourceTree = "<group>";
		};
		8F7A9B7BED788200217D2994 /* Pods */ = {
			isa = PBXGroup;
			children = (
				8F8247B17294AA4B2DDD1297 /* Pods-updine-user.debug.xcconfig */,
				02021A693BBDFB1A801228AB /* Pods-updine-user.release.xcconfig */,
			);
			path = Pods;
			sourceTree = "<group>";
		};
		BD18FF96F3465A97F48A79FF /* Frameworks */ = {
			isa = PBXGroup;
			children = (
				6148F991BB3F5C1D8BF285B9 /* Pods_updine_user.framework */,
			);
			name = Frameworks;
			sourceTree = "<group>";
		};
/* End PBXGroup section */

/* Begin PBXNativeTarget section */
		7C1A418623CB3817008B2865 /* updine-user */ = {
			isa = PBXNativeTarget;
			buildConfigurationList = 7C1A419B23CB3818008B2865 /* Build configuration list for PBXNativeTarget "updine-user" */;
			buildPhases = (
				77F6352D01A1B59C2F883BEF /* [CP] Check Pods Manifest.lock */,
				7C1A418323CB3817008B2865 /* Sources */,
				7C1A418423CB3817008B2865 /* Frameworks */,
				7C1A418523CB3817008B2865 /* Resources */,
				09BD593AA16A25FFFAEC99BB /* [CP] Embed Pods Frameworks */,
			);
			buildRules = (
			);
			dependencies = (
			);
			name = "updine-user";
			productName = "updine-user";
			productReference = 7C1A418723CB3817008B2865 /* updine-user.app */;
			productType = "com.apple.product-type.application";
		};
/* End PBXNativeTarget section */

/* Begin PBXProject section */
		7C1A417F23CB3817008B2865 /* Project object */ = {
			isa = PBXProject;
			attributes = {
				LastSwiftUpdateCheck = 1120;
				LastUpgradeCheck = 1120;
				ORGANIZATIONNAME = "Yasin Ehsan";
				TargetAttributes = {
					7C1A418623CB3817008B2865 = {
						CreatedOnToolsVersion = 11.2.1;
					};
				};
			};
			buildConfigurationList = 7C1A418223CB3817008B2865 /* Build configuration list for PBXProject "updine-user" */;
			compatibilityVersion = "Xcode 9.3";
			developmentRegion = en;
			hasScannedForEncodings = 0;
			knownRegions = (
				en,
				Base,
			);
			mainGroup = 7C1A417E23CB3817008B2865;
			productRefGroup = 7C1A418823CB3817008B2865 /* Products */;
			projectDirPath = "";
			projectRoot = "";
			targets = (
				7C1A418623CB3817008B2865 /* updine-user */,
			);
		};
/* End PBXProject section */

/* Begin PBXResourcesBuildPhase section */
		7C1A418523CB3817008B2865 /* Resources */ = {
			isa = PBXResourcesBuildPhase;
			buildActionMask = 2147483647;
			files = (
				7C1A419723CB3818008B2865 /* LaunchScreen.storyboard in Resources */,
				7C1A419423CB3818008B2865 /* Assets.xcassets in Resources */,
				7C1A419223CB3817008B2865 /* Main.storyboard in Resources */,
			);
			runOnlyForDeploymentPostprocessing = 0;
		};
/* End PBXResourcesBuildPhase section */

/* Begin PBXShellScriptBuildPhase section */
		09BD593AA16A25FFFAEC99BB /* [CP] Embed Pods Frameworks */ = {
			isa = PBXShellScriptBuildPhase;
			buildActionMask = 2147483647;
			files = (
			);
			inputFileListPaths = (
				"${PODS_ROOT}/Target Support Files/Pods-updine-user/Pods-updine-user-frameworks-${CONFIGURATION}-input-files.xcfilelist",
			);
			name = "[CP] Embed Pods Frameworks";
			outputFileListPaths = (
				"${PODS_ROOT}/Target Support Files/Pods-updine-user/Pods-updine-user-frameworks-${CONFIGURATION}-output-files.xcfilelist",
			);
			runOnlyForDeploymentPostprocessing = 0;
			shellPath = /bin/sh;
			shellScript = "\"${PODS_ROOT}/Target Support Files/Pods-updine-user/Pods-updine-user-frameworks.sh\"\n";
			showEnvVarsInLog = 0;
		};
		77F6352D01A1B59C2F883BEF /* [CP] Check Pods Manifest.lock */ = {
			isa = PBXShellScriptBuildPhase;
			buildActionMask = 2147483647;
			files = (
			);
			inputFileListPaths = (
			);
			inputPaths = (
				"${PODS_PODFILE_DIR_PATH}/Podfile.lock",
				"${PODS_ROOT}/Manifest.lock",
			);
			name = "[CP] Check Pods Manifest.lock";
			outputFileListPaths = (
			);
			outputPaths = (
				"$(DERIVED_FILE_DIR)/Pods-updine-user-checkManifestLockResult.txt",
			);
			runOnlyForDeploymentPostprocessing = 0;
			shellPath = /bin/sh;
			shellScript = "diff \"${PODS_PODFILE_DIR_PATH}/Podfile.lock\" \"${PODS_ROOT}/Manifest.lock\" > /dev/null\nif [ $? != 0 ] ; then\n    # print error to STDERR\n    echo \"error: The sandbox is not in sync with the Podfile.lock. Run 'pod install' or update your CocoaPods installation.\" >&2\n    exit 1\nfi\n# This output is used by Xcode 'outputs' to avoid re-running this script phase.\necho \"SUCCESS\" > \"${SCRIPT_OUTPUT_FILE_0}\"\n";
			showEnvVarsInLog = 0;
		};
/* End PBXShellScriptBuildPhase section */

/* Begin PBXSourcesBuildPhase section */
		7C1A418323CB3817008B2865 /* Sources */ = {
			isa = PBXSourcesBuildPhase;
			buildActionMask = 2147483647;
			files = (
				7C9D30D323DDA52B00AD2018 /* RSVPViewController.swift in Sources */,
				7C1A418B23CB3817008B2865 /* AppDelegate.swift in Sources */,
				7CD155E623DCB09D002775A9 /* BottomSheetViewController.swift in Sources */,
				7CE08F8823DDE10000782338 /* FoodSpot.swift in Sources */,
				7C1A419F23CD7BBE008B2865 /* MapViewController.swift in Sources */,
				7C1A418D23CB3817008B2865 /* SceneDelegate.swift in Sources */,
				7C7220F423CEDD2A000DDF1E /* Diner.swift in Sources */,
				7C7220F623CEE91D000DDF1E /* DinerTableViewCell.swift in Sources */,
				7CD155E423DCB076002775A9 /* HomeViewController.swift in Sources */,
				7C7220EF23CECF98000DDF1E /* DineDetailsViewController.swift in Sources */,
				7CD155E923DCB597002775A9 /* OneCollectionViewCell.swift in Sources */,
				7CD155EC23DD8B07002775A9 /* LoginViewController.swift in Sources */,
			);
			runOnlyForDeploymentPostprocessing = 0;
		};
/* End PBXSourcesBuildPhase section */

/* Begin PBXVariantGroup section */
		7C1A419023CB3817008B2865 /* Main.storyboard */ = {
			isa = PBXVariantGroup;
			children = (
				7C1A419123CB3817008B2865 /* Base */,
			);
			name = Main.storyboard;
			sourceTree = "<group>";
		};
		7C1A419523CB3818008B2865 /* LaunchScreen.storyboard */ = {
			isa = PBXVariantGroup;
			children = (
				7C1A419623CB3818008B2865 /* Base */,
			);
			name = LaunchScreen.storyboard;
			sourceTree = "<group>";
		};
/* End PBXVariantGroup section */

/* Begin XCBuildConfiguration section */
		7C1A419923CB3818008B2865 /* Debug */ = {
			isa = XCBuildConfiguration;
			buildSettings = {
				ALWAYS_SEARCH_USER_PATHS = NO;
				CLANG_ANALYZER_NONNULL = YES;
				CLANG_ANALYZER_NUMBER_OBJECT_CONVERSION = YES_AGGRESSIVE;
				CLANG_CXX_LANGUAGE_STANDARD = "gnu++14";
				CLANG_CXX_LIBRARY = "libc++";
				CLANG_ENABLE_MODULES = YES;
				CLANG_ENABLE_OBJC_ARC = YES;
				CLANG_ENABLE_OBJC_WEAK = YES;
				CLANG_WARN_BLOCK_CAPTURE_AUTORELEASING = YES;
				CLANG_WARN_BOOL_CONVERSION = YES;
				CLANG_WARN_COMMA = YES;
				CLANG_WARN_CONSTANT_CONVERSION = YES;
				CLANG_WARN_DEPRECATED_OBJC_IMPLEMENTATIONS = YES;
				CLANG_WARN_DIRECT_OBJC_ISA_USAGE = YES_ERROR;
				CLANG_WARN_DOCUMENTATION_COMMENTS = YES;
				CLANG_WARN_EMPTY_BODY = YES;
				CLANG_WARN_ENUM_CONVERSION = YES;
				CLANG_WARN_INFINITE_RECURSION = YES;
				CLANG_WARN_INT_CONVERSION = YES;
				CLANG_WARN_NON_LITERAL_NULL_CONVERSION = YES;
				CLANG_WARN_OBJC_IMPLICIT_RETAIN_SELF = YES;
				CLANG_WARN_OBJC_LITERAL_CONVERSION = YES;
				CLANG_WARN_OBJC_ROOT_CLASS = YES_ERROR;
				CLANG_WARN_RANGE_LOOP_ANALYSIS = YES;
				CLANG_WARN_STRICT_PROTOTYPES = YES;
				CLANG_WARN_SUSPICIOUS_MOVE = YES;
				CLANG_WARN_UNGUARDED_AVAILABILITY = YES_AGGRESSIVE;
				CLANG_WARN_UNREACHABLE_CODE = YES;
				CLANG_WARN__DUPLICATE_METHOD_MATCH = YES;
				COPY_PHASE_STRIP = NO;
				DEBUG_INFORMATION_FORMAT = dwarf;
				ENABLE_STRICT_OBJC_MSGSEND = YES;
				ENABLE_TESTABILITY = YES;
				GCC_C_LANGUAGE_STANDARD = gnu11;
				GCC_DYNAMIC_NO_PIC = NO;
				GCC_NO_COMMON_BLOCKS = YES;
				GCC_OPTIMIZATION_LEVEL = 0;
				GCC_PREPROCESSOR_DEFINITIONS = (
					"DEBUG=1",
					"$(inherited)",
				);
				GCC_WARN_64_TO_32_BIT_CONVERSION = YES;
				GCC_WARN_ABOUT_RETURN_TYPE = YES_ERROR;
				GCC_WARN_UNDECLARED_SELECTOR = YES;
				GCC_WARN_UNINITIALIZED_AUTOS = YES_AGGRESSIVE;
				GCC_WARN_UNUSED_FUNCTION = YES;
				GCC_WARN_UNUSED_VARIABLE = YES;
				IPHONEOS_DEPLOYMENT_TARGET = 13.2;
				MTL_ENABLE_DEBUG_INFO = INCLUDE_SOURCE;
				MTL_FAST_MATH = YES;
				ONLY_ACTIVE_ARCH = YES;
				SDKROOT = iphoneos;
				SWIFT_ACTIVE_COMPILATION_CONDITIONS = DEBUG;
				SWIFT_OPTIMIZATION_LEVEL = "-Onone";
			};
			name = Debug;
		};
		7C1A419A23CB3818008B2865 /* Release */ = {
			isa = XCBuildConfiguration;
			buildSettings = {
				ALWAYS_SEARCH_USER_PATHS = NO;
				CLANG_ANALYZER_NONNULL = YES;
				CLANG_ANALYZER_NUMBER_OBJECT_CONVERSION = YES_AGGRESSIVE;
				CLANG_CXX_LANGUAGE_STANDARD = "gnu++14";
				CLANG_CXX_LIBRARY = "libc++";
				CLANG_ENABLE_MODULES = YES;
				CLANG_ENABLE_OBJC_ARC = YES;
				CLANG_ENABLE_OBJC_WEAK = YES;
				CLANG_WARN_BLOCK_CAPTURE_AUTORELEASING = YES;
				CLANG_WARN_BOOL_CONVERSION = YES;
				CLANG_WARN_COMMA = YES;
				CLANG_WARN_CONSTANT_CONVERSION = YES;
				CLANG_WARN_DEPRECATED_OBJC_IMPLEMENTATIONS = YES;
				CLANG_WARN_DIRECT_OBJC_ISA_USAGE = YES_ERROR;
				CLANG_WARN_DOCUMENTATION_COMMENTS = YES;
				CLANG_WARN_EMPTY_BODY = YES;
				CLANG_WARN_ENUM_CONVERSION = YES;
				CLANG_WARN_INFINITE_RECURSION = YES;
				CLANG_WARN_INT_CONVERSION = YES;
				CLANG_WARN_NON_LITERAL_NULL_CONVERSION = YES;
				CLANG_WARN_OBJC_IMPLICIT_RETAIN_SELF = YES;
				CLANG_WARN_OBJC_LITERAL_CONVERSION = YES;
				CLANG_WARN_OBJC_ROOT_CLASS = YES_ERROR;
				CLANG_WARN_RANGE_LOOP_ANALYSIS = YES;
				CLANG_WARN_STRICT_PROTOTYPES = YES;
				CLANG_WARN_SUSPICIOUS_MOVE = YES;
				CLANG_WARN_UNGUARDED_AVAILABILITY = YES_AGGRESSIVE;
				CLANG_WARN_UNREACHABLE_CODE = YES;
				CLANG_WARN__DUPLICATE_METHOD_MATCH = YES;
				COPY_PHASE_STRIP = NO;
				DEBUG_INFORMATION_FORMAT = "dwarf-with-dsym";
				ENABLE_NS_ASSERTIONS = NO;
				ENABLE_STRICT_OBJC_MSGSEND = YES;
				GCC_C_LANGUAGE_STANDARD = gnu11;
				GCC_NO_COMMON_BLOCKS = YES;
				GCC_WARN_64_TO_32_BIT_CONVERSION = YES;
				GCC_WARN_ABOUT_RETURN_TYPE = YES_ERROR;
				GCC_WARN_UNDECLARED_SELECTOR = YES;
				GCC_WARN_UNINITIALIZED_AUTOS = YES_AGGRESSIVE;
				GCC_WARN_UNUSED_FUNCTION = YES;
				GCC_WARN_UNUSED_VARIABLE = YES;
				IPHONEOS_DEPLOYMENT_TARGET = 13.2;
				MTL_ENABLE_DEBUG_INFO = NO;
				MTL_FAST_MATH = YES;
				SDKROOT = iphoneos;
				SWIFT_COMPILATION_MODE = wholemodule;
				SWIFT_OPTIMIZATION_LEVEL = "-O";
				VALIDATE_PRODUCT = YES;
			};
			name = Release;
		};
		7C1A419C23CB3818008B2865 /* Debug */ = {
			isa = XCBuildConfiguration;
			baseConfigurationReference = 8F8247B17294AA4B2DDD1297 /* Pods-updine-user.debug.xcconfig */;
			buildSettings = {
				ASSETCATALOG_COMPILER_APPICON_NAME = AppIcon;
				CODE_SIGN_STYLE = Automatic;
				DEVELOPMENT_TEAM = 4L2JW8YQE4;
				INFOPLIST_FILE = "updine-user/Info.plist";
				IPHONEOS_DEPLOYMENT_TARGET = 13.1;
				LD_RUNPATH_SEARCH_PATHS = (
					"$(inherited)",
					"@executable_path/Frameworks",
				);
				PRODUCT_BUNDLE_IDENTIFIER = "com.yasinehsan.updine-user";
				PRODUCT_NAME = "$(TARGET_NAME)";
				SWIFT_VERSION = 5.0;
				TARGETED_DEVICE_FAMILY = "1,2";
			};
			name = Debug;
		};
		7C1A419D23CB3818008B2865 /* Release */ = {
			isa = XCBuildConfiguration;
			baseConfigurationReference = 02021A693BBDFB1A801228AB /* Pods-updine-user.release.xcconfig */;
			buildSettings = {
				ASSETCATALOG_COMPILER_APPICON_NAME = AppIcon;
				CODE_SIGN_STYLE = Automatic;
				DEVELOPMENT_TEAM = 4L2JW8YQE4;
				INFOPLIST_FILE = "updine-user/Info.plist";
				IPHONEOS_DEPLOYMENT_TARGET = 13.1;
				LD_RUNPATH_SEARCH_PATHS = (
					"$(inherited)",
					"@executable_path/Frameworks",
				);
				PRODUCT_BUNDLE_IDENTIFIER = "com.yasinehsan.updine-user";
				PRODUCT_NAME = "$(TARGET_NAME)";
				SWIFT_VERSION = 5.0;
				TARGETED_DEVICE_FAMILY = "1,2";
			};
			name = Release;
		};
/* End XCBuildConfiguration section */

/* Begin XCConfigurationList section */
		7C1A418223CB3817008B2865 /* Build configuration list for PBXProject "updine-user" */ = {
			isa = XCConfigurationList;
			buildConfigurations = (
				7C1A419923CB3818008B2865 /* Debug */,
				7C1A419A23CB3818008B2865 /* Release */,
			);
			defaultConfigurationIsVisible = 0;
			defaultConfigurationName = Release;
		};
		7C1A419B23CB3818008B2865 /* Build configuration list for PBXNativeTarget "updine-user" */ = {
			isa = XCConfigurationList;
			buildConfigurations = (
				7C1A419C23CB3818008B2865 /* Debug */,
				7C1A419D23CB3818008B2865 /* Release */,
			);
			defaultConfigurationIsVisible = 0;
			defaultConfigurationName = Release;
		};
/* End XCConfigurationList section */
	};
	rootObject = 7C1A417F23CB3817008B2865 /* Project object */;
}
